
Microsoft Visual Studio Solution File, Format Version 12.00
# Visual Studio Version 16
VisualStudioVersion = 16.0.30621.155
MinimumVisualStudioVersion = 10.0.40219.1
Project("{FAE04EC0-301F-11D3-BF4B-00C04F79EFBC}") = "WebApplication1", "WebApplication1\WebApplication1.csproj", "{3EEDAE0C-ABBF-4BA8-9861-0E6CB30E67B6}"
EndProject
Global
	GlobalSection(SolutionConfigurationPlatforms) = preSolution
		Debug|Any CPU = Debug|Any CPU
		Release|Any CPU = Release|Any CPU
	EndGlobalSection
	GlobalSection(ProjectConfigurationPlatforms) = postSolution
		{3EEDAE0C-ABBF-4BA8-9861-0E6CB30E67B6}.Debug|Any CPU.ActiveCfg = Debug|Any CPU
		{3EEDAE0C-ABBF-4BA8-9861-0E6CB30E67B6}.Debug|Any CPU.Build.0 = Debug|Any CPU
		{3EEDAE0C-ABBF-4BA8-9861-0E6CB30E67B6}.Release|Any CPU.ActiveCfg = Release|Any CPU
		{3EEDAE0C-ABBF-4BA8-9861-0E6CB30E67B6}.Release|Any CPU.Build.0 = Release|Any CPU
	EndGlobalSection
	GlobalSection(SolutionProperties) = preSolution
		HideSolutionNode = FALSE
	EndGlobalSection
	GlobalSection(ExtensibilityGlobals) = postSolution
		SolutionGuid = {B9C5C5ED-3973-4B69-8CA5-89218C1F5560}
	EndGlobalSection
EndGlobal
